
Microsoft Visual Studio Solution File, Format Version 12.00
# Visual Studio Version 16
VisualStudioVersion = 16.0.29424.173
MinimumVisualStudioVersion = 10.0.40219.1
Project("{FAE04EC0-301F-11D3-BF4B-00C04F79EFBC}") = "EmployeeRegistrationAndListing", "EmployeeRegistrationAndListing.csproj", "{F555D1A9-957C-4D8F-8D12-A7DB1DB9C4EC}"
EndProject
Project("{FAE04EC0-301F-11D3-BF4B-00C04F79EFBC}") = "EmployeeDomain", "..\EmployeeDomain\EmployeeDomain.csproj", "{664E467D-E013-4329-8AD0-E5FFB2D003AD}"
EndProject
Project("{FAE04EC0-301F-11D3-BF4B-00C04F79EFBC}") = "EmployeePersistence", "..\EmployeePersistence\EmployeePersistence.csproj", "{8FCE234D-E4E1-4E6B-A70E-1255F55E624C}"
EndProject
Project("{FAE04EC0-301F-11D3-BF4B-00C04F79EFBC}") = "EmployeeData", "..\EmployeeData\EmployeeData.csproj", "{1374CB92-A6F5-4C1C-8F0B-728BA3A57249}"
EndProject
Global
	GlobalSection(SolutionConfigurationPlatforms) = preSolution
		Debug|Any CPU = Debug|Any CPU
		Release|Any CPU = Release|Any CPU
	EndGlobalSection
	GlobalSection(ProjectConfigurationPlatforms) = postSolution
		{F555D1A9-957C-4D8F-8D12-A7DB1DB9C4EC}.Debug|Any CPU.ActiveCfg = Debug|Any CPU
		{F555D1A9-957C-4D8F-8D12-A7DB1DB9C4EC}.Debug|Any CPU.Build.0 = Debug|Any CPU
		{F555D1A9-957C-4D8F-8D12-A7DB1DB9C4EC}.Release|Any CPU.ActiveCfg = Release|Any CPU
		{F555D1A9-957C-4D8F-8D12-A7DB1DB9C4EC}.Release|Any CPU.Build.0 = Release|Any CPU
		{664E467D-E013-4329-8AD0-E5FFB2D003AD}.Debug|Any CPU.ActiveCfg = Debug|Any CPU
		{664E467D-E013-4329-8AD0-E5FFB2D003AD}.Debug|Any CPU.Build.0 = Debug|Any CPU
		{664E467D-E013-4329-8AD0-E5FFB2D003AD}.Release|Any CPU.ActiveCfg = Release|Any CPU
		{664E467D-E013-4329-8AD0-E5FFB2D003AD}.Release|Any CPU.Build.0 = Release|Any CPU
		{8FCE234D-E4E1-4E6B-A70E-1255F55E624C}.Debug|Any CPU.ActiveCfg = Debug|Any CPU
		{8FCE234D-E4E1-4E6B-A70E-1255F55E624C}.Debug|Any CPU.Build.0 = Debug|Any CPU
		{8FCE234D-E4E1-4E6B-A70E-1255F55E624C}.Release|Any CPU.ActiveCfg = Release|Any CPU
		{8FCE234D-E4E1-4E6B-A70E-1255F55E624C}.Release|Any CPU.Build.0 = Release|Any CPU
		{1374CB92-A6F5-4C1C-8F0B-728BA3A57249}.Debug|Any CPU.ActiveCfg = Debug|Any CPU
		{1374CB92-A6F5-4C1C-8F0B-728BA3A57249}.Debug|Any CPU.Build.0 = Debug|Any CPU
		{1374CB92-A6F5-4C1C-8F0B-728BA3A57249}.Release|Any CPU.ActiveCfg = Release|Any CPU
		{1374CB92-A6F5-4C1C-8F0B-728BA3A57249}.Release|Any CPU.Build.0 = Release|Any CPU
	EndGlobalSection
	GlobalSection(SolutionProperties) = preSolution
		HideSolutionNode = FALSE
	EndGlobalSection
	GlobalSection(ExtensibilityGlobals) = postSolution
		SolutionGuid = {2D43EE1E-040B-4D7C-BB45-6D3D9CA23D03}
	EndGlobalSection
EndGlobal
